# THIS IS AN AUTOGENERATED FILE. DO NOT EDIT THIS FILE DIRECTLY.
# yarn lockfile v1


"@types/jest-diff@*":
  version "20.0.1"
  resolved "https://registry.yarnpkg.com/@types/jest-diff/-/jest-diff-20.0.1.tgz#35cc15b9c4f30a18ef21852e255fdb02f6d59b89"
  integrity sha512-yALhelO3i0hqZwhjtcr6dYyaLoCHbAMshwtj6cGxTvHZAKXHsYGdff6E8EPw3xLKY0ELUTQ69Q1rQiJENnccMA==

"@types/jest@24.0.18":
  version "24.0.18"
  resolved "https://registry.yarnpkg.com/@types/jest/-/jest-24.0.18.tgz#9c7858d450c59e2164a8a9df0905fc5091944498"
  integrity sha512-jcDDXdjTcrQzdN06+TSVsPPqxvsZA/5QkYfIZlq1JMw7FdP5AZylbOc+6B/cuDurctRe+MziUMtQ3xQdrbjqyQ==
  dependencies:
    "@types/jest-diff" "*"

"@types/node@12.7.5":
  version "12.7.5"
  resolved "https://registry.yarnpkg.com/@types/node/-/node-12.7.5.tgz#e19436e7f8e9b4601005d73673b6dc4784ffcc2f"
  integrity sha512-9fq4jZVhPNW8r+UYKnxF1e2HkDWOWKM5bC2/7c9wPV835I0aOrVbS/Hw/pWPk2uKrNXQqg9Z959Kz+IYDd5p3w==

"@types/prop-types@*":
  version "15.7.3"
  resolved "https://registry.yarnpkg.com/@types/prop-types/-/prop-types-15.7.3.tgz#2ab0d5da2e5815f94b0b9d4b95d1e5f243ab2ca7"
  integrity sha512-KfRL3PuHmqQLOG+2tGpRO26Ctg+Cq1E01D2DMriKEATHgWLfeNDmq9e29Q9WIky0dQ3NPkd1mzYH8Lm936Z9qw==

"@types/react-dom@16.9.0":
  version "16.9.0"
  resolved "https://registry.yarnpkg.com/@types/react-dom/-/react-dom-16.9.0.tgz#ba6ddb00bf5de700b0eb91daa452081ffccbfdea"
  integrity sha512-OL2lk7LYGjxn4b0efW3Pvf2KBVP0y1v3wip1Bp7nA79NkOpElH98q3WdCEdDj93b2b0zaeBG9DvriuKjIK5xDA==
  dependencies:
    "@types/react" "*"

"@types/react@*":
  version "16.9.3"
  resolved "https://registry.yarnpkg.com/@types/react/-/react-16.9.3.tgz#6d13251e441a3e67fb60d719d1fc8785b984a2ec"
  integrity sha512-Ogb2nSn+2qQv5opoCv7Ls5yFxtyrdUYxp5G+SWTrlGk7dmFKw331GiezCgEZj9U7QeXJi1CDtws9pdXU1zUL4g==
  dependencies:
    "@types/prop-types" "*"
    csstype "^2.2.0"

"@types/react@16.9.2":
  version "16.9.2"
  resolved "https://registry.yarnpkg.com/@types/react/-/react-16.9.2.tgz#6d1765431a1ad1877979013906731aae373de268"
  integrity sha512-jYP2LWwlh+FTqGd9v7ynUKZzjj98T8x7Yclz479QdRhHfuW9yQ+0jjnD31eXSXutmBpppj5PYNLYLRfnZJvcfg==
  dependencies:
    "@types/prop-types" "*"
    csstype "^2.2.0"

"@welldone-software/why-did-you-render@^3.3.5":
  version "3.3.5"
  resolved "https://registry.yarnpkg.com/@welldone-software/why-did-you-render/-/why-did-you-render-3.3.5.tgz#ba301216ebd7b0283e85995357706223186e6afb"
  integrity sha512-hn3U5eU7tVEk3A14tRuYHolbBQv6IRmVd/ukNDeyKmC1IbxBck8j8HnFji4ARvw7Z2kJhUwKtXpRI2+gxVolBA==
  dependencies:
    lodash "^4"

csstype@^2.2.0:
  version "2.6.6"
  resolved "https://registry.yarnpkg.com/csstype/-/csstype-2.6.6.tgz#c34f8226a94bbb10c32cc0d714afdf942291fc41"
  integrity sha512-RpFbQGUE74iyPgvr46U9t1xoQBM8T4BL8SxrN66Le2xYAPSaDJJKeztV3awugusb3g3G9iL8StmkBBXhcbbXhg==

lodash@^4:
  version "4.17.15"
  resolved "https://registry.yarnpkg.com/lodash/-/lodash-4.17.15.tgz#b447f6670a0455bbfeedd11392eff330ea097548"
  integrity sha512-8xOcRHvCjnocdS5cpwXQXVzmmh5e5+saE2QGoeQmbKmRS6J3VQppPOIt0MnmE+4xlZoumy0GPG0D0MVIQbNA1A==

rxjs@^6.5.3:
  version "6.5.3"
  resolved "https://registry.yarnpkg.com/rxjs/-/rxjs-6.5.3.tgz#510e26317f4db91a7eb1de77d9dd9ba0a4899a3a"
  integrity sha512-wuYsAYYFdWTAnAaPoKGNhfpWwKZbJW+HgAJ+mImp+Epl7BG8oNWBCTyRM8gba9k4lk8BgWdoYm21Mo/RYhhbgA==
  dependencies:
    tslib "^1.9.0"

tslib@^1.9.0:
  version "1.10.0"
  resolved "https://registry.yarnpkg.com/tslib/-/tslib-1.10.0.tgz#c3c19f95973fb0a62973fb09d90d961ee43e5c8a"
  integrity sha512-qOebF53frne81cf0S9B41ByenJ3/IuH8yJKngAX35CmiZySA0khhkovshKK+jGCaMnVomla7gVlIcc3EvKPbTQ==

typescript@3.6.3:
  version "3.6.3"
  resolved "https://registry.yarnpkg.com/typescript/-/typescript-3.6.3.tgz#fea942fabb20f7e1ca7164ff626f1a9f3f70b4da"
  integrity sha512-N7bceJL1CtRQ2RiG0AQME13ksR7DiuQh/QehubYcghzv20tnh+MQnQIuJddTmsbqYj+dztchykemz0zFzlvdQw==
